
Microsoft Visual Studio Solution File, Format Version 12.00
# Visual Studio Version 17
VisualStudioVersion = 17.11.35327.3
MinimumVisualStudioVersion = 10.0.40219.1
Project("{FAE04EC0-301F-11D3-BF4B-00C04F79EFBC}") = "CazareCamine", "CazareCamine\CazareCamine.csproj", "{8B22FC8B-77ED-4AFE-96F4-DAD4F9D5F81E}"
EndProject
Project("{FAE04EC0-301F-11D3-BF4B-00C04F79EFBC}") = "StocareDateNiveluri", "StocareDateNiveluri\StocareDateNiveluri.csproj", "{B0950216-A8D2-442A-A9C6-37B4A3DCC1E5}"
EndProject
Project("{FAE04EC0-301F-11D3-BF4B-00C04F79EFBC}") = "LibrarieModel", "LibrarieModel\LibrarieModel.csproj", "{5343B328-3819-4031-86A9-8B8D9F844509}"
EndProject
Project("{FAE04EC0-301F-11D3-BF4B-00C04F79EFBC}") = "CazareCamine_WindowsForm", "CazareCamine_WindowsForm\CazareCamine_WindowsForm.csproj", "{C88EFC27-C523-4947-BC79-EE79C80FFE1F}"
EndProject
Global
	GlobalSection(SolutionConfigurationPlatforms) = preSolution
		Debug|Any CPU = Debug|Any CPU
		Release|Any CPU = Release|Any CPU
	EndGlobalSection
	GlobalSection(ProjectConfigurationPlatforms) = postSolution
		{8B22FC8B-77ED-4AFE-96F4-DAD4F9D5F81E}.Debug|Any CPU.ActiveCfg = Debug|Any CPU
		{8B22FC8B-77ED-4AFE-96F4-DAD4F9D5F81E}.Debug|Any CPU.Build.0 = Debug|Any CPU
		{8B22FC8B-77ED-4AFE-96F4-DAD4F9D5F81E}.Release|Any CPU.ActiveCfg = Release|Any CPU
		{8B22FC8B-77ED-4AFE-96F4-DAD4F9D5F81E}.Release|Any CPU.Build.0 = Release|Any CPU
		{B0950216-A8D2-442A-A9C6-37B4A3DCC1E5}.Debug|Any CPU.ActiveCfg = Debug|Any CPU
		{B0950216-A8D2-442A-A9C6-37B4A3DCC1E5}.Debug|Any CPU.Build.0 = Debug|Any CPU
		{B0950216-A8D2-442A-A9C6-37B4A3DCC1E5}.Release|Any CPU.ActiveCfg = Release|Any CPU
		{B0950216-A8D2-442A-A9C6-37B4A3DCC1E5}.Release|Any CPU.Build.0 = Release|Any CPU
		{5343B328-3819-4031-86A9-8B8D9F844509}.Debug|Any CPU.ActiveCfg = Debug|Any CPU
		{5343B328-3819-4031-86A9-8B8D9F844509}.Debug|Any CPU.Build.0 = Debug|Any CPU
		{5343B328-3819-4031-86A9-8B8D9F844509}.Release|Any CPU.ActiveCfg = Release|Any CPU
		{5343B328-3819-4031-86A9-8B8D9F844509}.Release|Any CPU.Build.0 = Release|Any CPU
		{C88EFC27-C523-4947-BC79-EE79C80FFE1F}.Debug|Any CPU.ActiveCfg = Debug|Any CPU
		{C88EFC27-C523-4947-BC79-EE79C80FFE1F}.Debug|Any CPU.Build.0 = Debug|Any CPU
		{C88EFC27-C523-4947-BC79-EE79C80FFE1F}.Release|Any CPU.ActiveCfg = Release|Any CPU
		{C88EFC27-C523-4947-BC79-EE79C80FFE1F}.Release|Any CPU.Build.0 = Release|Any CPU
	EndGlobalSection
	GlobalSection(SolutionProperties) = preSolution
		HideSolutionNode = FALSE
	EndGlobalSection
	GlobalSection(ExtensibilityGlobals) = postSolution
		SolutionGuid = {FFBA7B5B-68B4-4D94-9AF6-E216E8A55524}
	EndGlobalSection
EndGlobal
